schema: '2.0'
stages:
  data_ingestion:
    cmd: python src/data/data_ingestion.py
    deps:
    - path: src/data/data_ingestion.py
      hash: md5
      md5: 17e643086f24ceeafa06c711a56cfea5
      size: 3397
    params:
      params.yaml:
        data_ingestion.test_size: 0.25
    outs:
    - path: data/raw
      hash: md5
      md5: 4cb13be77d38db01f1457549ce0e0406.dir
      size: 649243
      nfiles: 2
  data_preprocessing:
    cmd: python src/data/data_preprocessing.py
    deps:
    - path: data/raw
      hash: md5
      md5: 4cb13be77d38db01f1457549ce0e0406.dir
      size: 649243
      nfiles: 2
    - path: src/data/data_preprocessing.py
      hash: md5
      md5: a0d0986f1695b3e851d0f37dad4451b8
      size: 2909
    outs:
    - path: data/interim
      hash: md5
      md5: 9f8e59825be36031c3bcb52f68675723.dir
      size: 401173
      nfiles: 2
  feature_engineering:
    cmd: python src/features/feature_engineering.py
    deps:
    - path: data/interim
      hash: md5
      md5: 9f8e59825be36031c3bcb52f68675723.dir
      size: 401173
      nfiles: 2
    - path: src/features/feature_engineering.py
      hash: md5
      md5: cfaf71fa8bd1fae8af5abc3cbbe3387b
      size: 3447
    params:
      params.yaml:
        feature_engineering.max_features: 50
    outs:
    - path: data/processed
      hash: md5
      md5: eac3fba7627aa7a0245fbe78c32c88f8.dir
      size: 51883
      nfiles: 2
    - path: models/vectorizer.pkl
      hash: md5
      md5: 05e8da4f824b01b2ba654352767f879e
      size: 1665
  model_building:
    cmd: python src/model/model_building.py
    deps:
    - path: data/processed
      hash: md5
      md5: eac3fba7627aa7a0245fbe78c32c88f8.dir
      size: 51883
      nfiles: 2
    - path: src/model/model_building.py
      hash: md5
      md5: 5b609bb4e815b644d40ad8916c3465f8
      size: 1860
    outs:
    - path: models/model.pkl
      hash: md5
      md5: 6119ba0ddf2ad9b2943a86b7d676ac29
      size: 1114
  model_evaluation:
    cmd: python src/model/model_evaluation.py
    deps:
    - path: models/model.pkl
      hash: md5
      md5: 6119ba0ddf2ad9b2943a86b7d676ac29
      size: 1114
    - path: src/model/model_evaluation.py
      hash: md5
      md5: dfc7717fc967618eda9b1f23d4e3e650
      size: 5549
    outs:
    - path: reports/experiment_info.json
      hash: md5
      md5: 4fd08fa8eed90bd280e5f52f01090d0b
      size: 82
    - path: reports/metrics.json
      hash: md5
      md5: 1e99b7175dcf59446f6bf9fa295e2fb6
      size: 133
  model_registration:
    cmd: python src/model/register_model.py
    deps:
    - path: reports/experiment_info.json
      hash: md5
      md5: 4fd08fa8eed90bd280e5f52f01090d0b
      size: 82
    - path: src/model/register_model.py
      hash: md5
      md5: ea718d375e1a4c82c4f1a9df7b7952a5
      size: 3133
